
Microsoft Visual Studio Solution File, Format Version 12.00
# Visual Studio Version 17
VisualStudioVersion = 17.4.33110.190
MinimumVisualStudioVersion = 10.0.40219.1
Project("{FAE04EC0-301F-11D3-BF4B-00C04F79EFBC}") = "wpf Evernote clone", "wpf Evernote clone\wpf Evernote clone.csproj", "{DA427A65-42C0-41BF-898F-B77F41B0C7DC}"
EndProject
Global
	GlobalSection(SolutionConfigurationPlatforms) = preSolution
		Debug|Any CPU = Debug|Any CPU
		Release|Any CPU = Release|Any CPU
	EndGlobalSection
	GlobalSection(ProjectConfigurationPlatforms) = postSolution
		{DA427A65-42C0-41BF-898F-B77F41B0C7DC}.Debug|Any CPU.ActiveCfg = Debug|Any CPU
		{DA427A65-42C0-41BF-898F-B77F41B0C7DC}.Debug|Any CPU.Build.0 = Debug|Any CPU
		{DA427A65-42C0-41BF-898F-B77F41B0C7DC}.Release|Any CPU.ActiveCfg = Release|Any CPU
		{DA427A65-42C0-41BF-898F-B77F41B0C7DC}.Release|Any CPU.Build.0 = Release|Any CPU
	EndGlobalSection
	GlobalSection(SolutionProperties) = preSolution
		HideSolutionNode = FALSE
	EndGlobalSection
	GlobalSection(ExtensibilityGlobals) = postSolution
		SolutionGuid = {3E0F99A4-B3E9-4B92-B507-72C92B8A7E23}
	EndGlobalSection
EndGlobal
